// !$*UTF8*$!
{
	archiveVersion = 1;
	classes = {
	};
	objectVersion = 48;
	objects = {

/* Begin PBXBuildFile section */
		19856E6B1FBC97FA00D4F8EE /* AppDelegate.swift in Sources */ = {isa = PBXBuildFile; fileRef = 19856E6A1FBC97FA00D4F8EE /* AppDelegate.swift */; };
		19856E701FBC97FA00D4F8EE /* Main.storyboard in Resources */ = {isa = PBXBuildFile; fileRef = 19856E6E1FBC97FA00D4F8EE /* Main.storyboard */; };
		19856E721FBC97FA00D4F8EE /* Assets.xcassets in Resources */ = {isa = PBXBuildFile; fileRef = 19856E711FBC97FA00D4F8EE /* Assets.xcassets */; };
		19856E751FBC97FA00D4F8EE /* LaunchScreen.storyboard in Resources */ = {isa = PBXBuildFile; fileRef = 19856E731FBC97FA00D4F8EE /* LaunchScreen.storyboard */; };
		19856E7D1FBC995600D4F8EE /* TableViewController.swift in Sources */ = {isa = PBXBuildFile; fileRef = 19856E7C1FBC995600D4F8EE /* TableViewController.swift */; };
/* End PBXBuildFile section */

/* Begin PBXFileReference section */
		19856E671FBC97FA00D4F8EE /* NavigationBarAnimations.app */ = {isa = PBXFileReference; explicitFileType = wrapper.application; includeInIndex = 0; path = NavigationBarAnimations.app; sourceTree = BUILT_PRODUCTS_DIR; };
		19856E6A1FBC97FA00D4F8EE /* AppDelegate.swift */ = {isa = PBXFileReference; lastKnownFileType = sourcecode.swift; path = AppDelegate.swift; sourceTree = "<group>"; };
		19856E6F1FBC97FA00D4F8EE /* Base */ = {isa = PBXFileReference; lastKnownFileType = file.storyboard; name = Base; path = Base.lproj/Main.storyboard; sourceTree = "<group>"; };
		19856E711FBC97FA00D4F8EE /* Assets.xcassets */ = {isa = PBXFileReference; lastKnownFileType = folder.assetcatalog; path = Assets.xcassets; sourceTree = "<group>"; };
		19856E741FBC97FA00D4F8EE /* Base */ = {isa = PBXFileReference; lastKnownFileType = file.storyboard; name = Base; path = Base.lproj/LaunchScreen.storyboard; sourceTree = "<group>"; };
		19856E761FBC97FA00D4F8EE /* Info.plist */ = {isa = PBXFileReference; lastKnownFileType = text.plist.xml; path = Info.plist; sourceTree = "<group>"; };
		19856E7C1FBC995600D4F8EE /* TableViewController.swift */ = {isa = PBXFileReference; lastKnownFileType = sourcecode.swift; path = TableViewController.swift; sourceTree = "<group>"; };
/* End PBXFileReference section */

/* Begin PBXFrameworksBuildPhase section */
		19856E641FBC97FA00D4F8EE /* Frameworks */ = {
			isa = PBXFrameworksBuildPhase;
			buildActionMask = 2147483647;
			files = (
			);
			runOnlyForDeploymentPostprocessing = 0;
		};
/* End PBXFrameworksBuildPhase section */

/* Begin PBXGroup section */
		19856E5E1FBC97FA00D4F8EE = {
			isa = PBXGroup;
			children = (
				19856E691FBC97FA00D4F8EE /* NavigationBarAnimations */,
				19856E681FBC97FA00D4F8EE /* Products */,
			);
			sourceTree = "<group>";
		};
		19856E681FBC97FA00D4F8EE /* Products */ = {
			isa = PBXGroup;
			children = (
				19856E671FBC97FA00D4F8EE /* NavigationBarAnimations.app */,
			);
			name = Products;
			sourceTree = "<group>";
		};
		19856E691FBC97FA00D4F8EE /* NavigationBarAnimations */ = {
			isa = PBXGroup;
			children = (
				19856E6A1FBC97FA00D4F8EE /* AppDelegate.swift */,
				19856E7C1FBC995600D4F8EE /* TableViewController.swift */,
				19856E6E1FBC97FA00D4F8EE /* Main.storyboard */,
				19856E711FBC97FA00D4F8EE /* Assets.xcassets */,
				19856E731FBC97FA00D4F8EE /* LaunchScreen.storyboard */,
				19856E761FBC97FA00D4F8EE /* Info.plist */,
			);
			path = NavigationBarAnimations;
			sourceTree = "<group>";
		};
/* End PBXGroup section */

/* Begin PBXNativeTarget section */
		19856E661FBC97FA00D4F8EE /* NavigationBarAnimations */ = {
			isa = PBXNativeTarget;
			buildConfigurationList = 19856E791FBC97FB00D4F8EE /* Build configuration list for PBXNativeTarget "NavigationBarAnimations" */;
			buildPhases = (
				19856E631FBC97FA00D4F8EE /* Sources */,
				19856E641FBC97FA00D4F8EE /* Frameworks */,
				19856E651FBC97FA00D4F8EE /* Resources */,
			);
			buildRules = (
			);
			dependencies = (
			);
			name = NavigationBarAnimations;
			productName = NavigationBarAnimations;
			productReference = 19856E671FBC97FA00D4F8EE /* NavigationBarAnimations.app */;
			productType = "com.apple.product-type.application";
		};
/* End PBXNativeTarget section */

/* Begin PBXProject section */
		19856E5F1FBC97FA00D4F8EE /* Project object */ = {
			isa = PBXProject;
			attributes = {
				LastSwiftUpdateCheck = 0910;
				LastUpgradeCheck = 0910;
				ORGANIZATIONNAME = "Sanket  Ray";
				TargetAttributes = {
					19856E661FBC97FA00D4F8EE = {
						CreatedOnToolsVersion = 9.1;
						ProvisioningStyle = Automatic;
					};
				};
			};
			buildConfigurationList = 19856E621FBC97FA00D4F8EE /* Build configuration list for PBXProject "NavigationBarAnimations" */;
			compatibilityVersion = "Xcode 8.0";
			developmentRegion = en;
			hasScannedForEncodings = 0;
			knownRegions = (
				en,
				Base,
			);
			mainGroup = 19856E5E1FBC97FA00D4F8EE;
			productRefGroup = 19856E681FBC97FA00D4F8EE /* Products */;
			projectDirPath = "";
			projectRoot = "";
			targets = (
				19856E661FBC97FA00D4F8EE /* NavigationBarAnimations */,
			);
		};
/* End PBXProject section */

/* Begin PBXResourcesBuildPhase section */
		19856E651FBC97FA00D4F8EE /* Resources */ = {
			isa = PBXResourcesBuildPhase;
			buildActionMask = 2147483647;
			files = (
				19856E751FBC97FA00D4F8EE /* LaunchScreen.storyboard in Resources */,
				19856E721FBC97FA00D4F8EE /* Assets.xcassets in Resources */,
				19856E701FBC97FA00D4F8EE /* Main.storyboard in Resources */,
			);
			runOnlyForDeploymentPostprocessing = 0;
		};
/* End PBXResourcesBuildPhase section */

/* Begin PBXSourcesBuildPhase section */
		19856E631FBC97FA00D4F8EE /* Sources */ = {
			isa = PBXSourcesBuildPhase;
			buildActionMask = 2147483647;
			files = (
				19856E6B1FBC97FA00D4F8EE /* AppDelegate.swift in Sources */,
				19856E7D1FBC995600D4F8EE /* TableViewController.swift in Sources */,
			);
			runOnlyForDeploymentPostprocessing = 0;
		};
/* End PBXSourcesBuildPhase section */

/* Begin PBXVariantGroup section */
		19856E6E1FBC97FA00D4F8EE /* Main.storyboard */ = {
			isa = PBXVariantGroup;
			children = (
				19856E6F1FBC97FA00D4F8EE /* Base */,
			);
			name = Main.storyboard;
			sourceTree = "<group>";
		};
		19856E731FBC97FA00D4F8EE /* LaunchScreen.storyboard */ = {
			isa = PBXVariantGroup;
			children = (
				19856E741FBC97FA00D4F8EE /* Base */,
			);
			name = LaunchScreen.storyboard;
			sourceTree = "<group>";
		};
/* End PBXVariantGroup section */

/* Begin XCBuildConfiguration section */
		19856E771FBC97FA00D4F8EE /* Debug */ = {
			isa = XCBuildConfiguration;
			buildSettings = {
				ALWAYS_SEARCH_USER_PATHS = NO;
				CLANG_ANALYZER_NONNULL = YES;
				CLANG_ANALYZER_NUMBER_OBJECT_CONVERSION = YES_AGGRESSIVE;
				CLANG_CXX_LANGUAGE_STANDARD = "gnu++14";
				CLANG_CXX_LIBRARY = "libc++";
				CLANG_ENABLE_MODULES = YES;
				CLANG_ENABLE_OBJC_ARC = YES;
				CLANG_WARN_BLOCK_CAPTURE_AUTORELEASING = YES;
				CLANG_WARN_BOOL_CONVERSION = YES;
				CLANG_WARN_COMMA = YES;
				CLANG_WARN_CONSTANT_CONVERSION = YES;
				CLANG_WARN_DIRECT_OBJC_ISA_USAGE = YES_ERROR;
				CLANG_WARN_DOCUMENTATION_COMMENTS = YES;
				CLANG_WARN_EMPTY_BODY = YES;
				CLANG_WARN_ENUM_CONVERSION = YES;
				CLANG_WARN_INFINITE_RECURSION = YES;
				CLANG_WARN_INT_CONVERSION = YES;
				CLANG_WARN_NON_LITERAL_NULL_CONVERSION = YES;
				CLANG_WARN_OBJC_LITERAL_CONVERSION = YES;
				CLANG_WARN_OBJC_ROOT_CLASS = YES_ERROR;
				CLANG_WARN_RANGE_LOOP_ANALYSIS = YES;
				CLANG_WARN_STRICT_PROTOTYPES = YES;
				CLANG_WARN_SUSPICIOUS_MOVE = YES;
				CLANG_WARN_UNGUARDED_AVAILABILITY = YES_AGGRESSIVE;
				CLANG_WARN_UNREACHABLE_CODE = YES;
				CLANG_WARN__DUPLICATE_METHOD_MATCH = YES;
				CODE_SIGN_IDENTITY = "iPhone Developer";
				COPY_PHASE_STRIP = NO;
				DEBUG_INFORMATION_FORMAT = dwarf;
				ENABLE_STRICT_OBJC_MSGSEND = YES;
				ENABLE_TESTABILITY = YES;
				GCC_C_LANGUAGE_STANDARD = gnu11;
				GCC_DYNAMIC_NO_PIC = NO;
				GCC_NO_COMMON_BLOCKS = YES;
				GCC_OPTIMIZATION_LEVEL = 0;
				GCC_PREPROCESSOR_DEFINITIONS = (
					"DEBUG=1",
					"$(inherited)",
				);
				GCC_WARN_64_TO_32_BIT_CONVERSION = YES;
				GCC_WARN_ABOUT_RETURN_TYPE = YES_ERROR;
				GCC_WARN_UNDECLARED_SELECTOR = YES;
				GCC_WARN_UNINITIALIZED_AUTOS = YES_AGGRESSIVE;
				GCC_WARN_UNUSED_FUNCTION = YES;
				GCC_WARN_UNUSED_VARIABLE = YES;
				IPHONEOS_DEPLOYMENT_TARGET = 11.1;
				MTL_ENABLE_DEBUG_INFO = YES;
				ONLY_ACTIVE_ARCH = YES;
				SDKROOT = iphoneos;
				SWIFT_ACTIVE_COMPILATION_CONDITIONS = DEBUG;
				SWIFT_OPTIMIZATION_LEVEL = "-Onone";
			};
			name = Debug;
		};
		19856E781FBC97FA00D4F8EE /* Release */ = {
			isa = XCBuildConfiguration;
			buildSettings = {
				ALWAYS_SEARCH_USER_PATHS = NO;
				CLANG_ANALYZER_NONNULL = YES;
				CLANG_ANALYZER_NUMBER_OBJECT_CONVERSION = YES_AGGRESSIVE;
				CLANG_CXX_LANGUAGE_STANDARD = "gnu++14";
				CLANG_CXX_LIBRARY = "libc++";
				CLANG_ENABLE_MODULES = YES;
				CLANG_ENABLE_OBJC_ARC = YES;
				CLANG_WARN_BLOCK_CAPTURE_AUTORELEASING = YES;
				CLANG_WARN_BOOL_CONVERSION = YES;
				CLANG_WARN_COMMA = YES;
				CLANG_WARN_CONSTANT_CONVERSION = YES;
				CLANG_WARN_DIRECT_OBJC_ISA_USAGE = YES_ERROR;
				CLANG_WARN_DOCUMENTATION_COMMENTS = YES;
				CLANG_WARN_EMPTY_BODY = YES;
				CLANG_WARN_ENUM_CONVERSION = YES;
				CLANG_WARN_INFINITE_RECURSION = YES;
				CLANG_WARN_INT_CONVERSION = YES;
				CLANG_WARN_NON_LITERAL_NULL_CONVERSION = YES;
				CLANG_WARN_OBJC_LITERAL_CONVERSION = YES;
				CLANG_WARN_OBJC_ROOT_CLASS = YES_ERROR;
				CLANG_WARN_RANGE_LOOP_ANALYSIS = YES;
				CLANG_WARN_STRICT_PROTOTYPES = YES;
				CLANG_WARN_SUSPICIOUS_MOVE = YES;
				CLANG_WARN_UNGUARDED_AVAILABILITY = YES_AGGRESSIVE;
				CLANG_WARN_UNREACHABLE_CODE = YES;
				CLANG_WARN__DUPLICATE_METHOD_MATCH = YES;
				CODE_SIGN_IDENTITY = "iPhone Developer";
				COPY_PHASE_STRIP = NO;
				DEBUG_INFORMATION_FORMAT = "dwarf-with-dsym";
				ENABLE_NS_ASSERTIONS = NO;
				ENABLE_STRICT_OBJC_MSGSEND = YES;
				GCC_C_LANGUAGE_STANDARD = gnu11;
				GCC_NO_COMMON_BLOCKS = YES;
				GCC_WARN_64_TO_32_BIT_CONVERSION = YES;
				GCC_WARN_ABOUT_RETURN_TYPE = YES_ERROR;
				GCC_WARN_UNDECLARED_SELECTOR = YES;
				GCC_WARN_UNINITIALIZED_AUTOS = YES_AGGRESSIVE;
				GCC_WARN_UNUSED_FUNCTION = YES;
				GCC_WARN_UNUSED_VARIABLE = YES;
				IPHONEOS_DEPLOYMENT_TARGET = 11.1;
				MTL_ENABLE_DEBUG_INFO = NO;
				SDKROOT = iphoneos;
				SWIFT_OPTIMIZATION_LEVEL = "-Owholemodule";
				VALIDATE_PRODUCT = YES;
			};
			name = Release;
		};
		19856E7A1FBC97FB00D4F8EE /* Debug */ = {
			isa = XCBuildConfiguration;
			buildSettings = {
				ASSETCATALOG_COMPILER_APPICON_NAME = AppIcon;
				CODE_SIGN_STYLE = Automatic;
				DEVELOPMENT_TEAM = J4H33JVA49;
				INFOPLIST_FILE = NavigationBarAnimations/Info.plist;
				LD_RUNPATH_SEARCH_PATHS = "$(inherited) @executable_path/Frameworks";
				PRODUCT_BUNDLE_IDENTIFIER = Chingel.Test;
				PRODUCT_NAME = "$(TARGET_NAME)";
				SWIFT_VERSION = 4.0;
				TARGETED_DEVICE_FAMILY = "1,2";
			};
			name = Debug;
		};
		19856E7B1FBC97FB00D4F8EE /* Release */ = {
			isa = XCBuildConfiguration;
			buildSettings = {
				ASSETCATALOG_COMPILER_APPICON_NAME = AppIcon;
				CODE_SIGN_STYLE = Automatic;
				DEVELOPMENT_TEAM = J4H33JVA49;
				INFOPLIST_FILE = NavigationBarAnimations/Info.plist;
				LD_RUNPATH_SEARCH_PATHS = "$(inherited) @executable_path/Frameworks";
				PRODUCT_BUNDLE_IDENTIFIER = Chingel.Test;
				PRODUCT_NAME = "$(TARGET_NAME)";
				SWIFT_VERSION = 4.0;
				TARGETED_DEVICE_FAMILY = "1,2";
			};
			name = Release;
		};
/* End XCBuildConfiguration section */

/* Begin XCConfigurationList section */
		19856E621FBC97FA00D4F8EE /* Build configuration list for PBXProject "NavigationBarAnimations" */ = {
			isa = XCConfigurationList;
			buildConfigurations = (
				19856E771FBC97FA00D4F8EE /* Debug */,
				19856E781FBC97FA00D4F8EE /* Release */,
			);
			defaultConfigurationIsVisible = 0;
			defaultConfigurationName = Release;
		};
		19856E791FBC97FB00D4F8EE /* Build configuration list for PBXNativeTarget "NavigationBarAnimations" */ = {
			isa = XCConfigurationList;
			buildConfigurations = (
				19856E7A1FBC97FB00D4F8EE /* Debug */,
				19856E7B1FBC97FB00D4F8EE /* Release */,
			);
			defaultConfigurationIsVisible = 0;
			defaultConfigurationName = Release;
		};
/* End XCConfigurationList section */
	};
	rootObject = 19856E5F1FBC97FA00D4F8EE /* Project object */;
}
